// !$*UTF8*$!
{
	archiveVersion = 1;
	classes = {
	};
	objectVersion = 55;
	objects = {

/* Begin PBXBuildFile section */
		28C7F51727E06B0F00294860 /* ChooseMyOwnStoryApp.swift in Sources */ = {isa = PBXBuildFile; fileRef = 28C7F51627E06B0F00294860 /* ChooseMyOwnStoryApp.swift */; };
		28C7F51B27E06B1300294860 /* Assets.xcassets in Resources */ = {isa = PBXBuildFile; fileRef = 28C7F51A27E06B1300294860 /* Assets.xcassets */; };
		28C7F51E27E06B1300294860 /* Preview Assets.xcassets in Resources */ = {isa = PBXBuildFile; fileRef = 28C7F51D27E06B1300294860 /* Preview Assets.xcassets */; };
		28C7F52727E06B5B00294860 /* MyStory.swift in Sources */ = {isa = PBXBuildFile; fileRef = 28C7F52627E06B5B00294860 /* MyStory.swift */; };
		28C7F52927E06B7700294860 /* StoryModel.swift in Sources */ = {isa = PBXBuildFile; fileRef = 28C7F52827E06B7700294860 /* StoryModel.swift */; };
		28C7F52B27E06B9C00294860 /* StoryView.swift in Sources */ = {isa = PBXBuildFile; fileRef = 28C7F52A27E06B9C00294860 /* StoryView.swift */; };
		28C7F52D27E06BC800294860 /* StoryPageView.swift in Sources */ = {isa = PBXBuildFile; fileRef = 28C7F52C27E06BC800294860 /* StoryPageView.swift */; };
/* End PBXBuildFile section */

/* Begin PBXFileReference section */
		28C7F51327E06B0F00294860 /* ChooseMyOwnStory.app */ = {isa = PBXFileReference; explicitFileType = wrapper.application; includeInIndex = 0; path = ChooseMyOwnStory.app; sourceTree = BUILT_PRODUCTS_DIR; };
		28C7F51627E06B0F00294860 /* ChooseMyOwnStoryApp.swift */ = {isa = PBXFileReference; lastKnownFileType = sourcecode.swift; path = ChooseMyOwnStoryApp.swift; sourceTree = "<group>"; };
		28C7F51A27E06B1300294860 /* Assets.xcassets */ = {isa = PBXFileReference; lastKnownFileType = folder.assetcatalog; path = Assets.xcassets; sourceTree = "<group>"; };
		28C7F51D27E06B1300294860 /* Preview Assets.xcassets */ = {isa = PBXFileReference; lastKnownFileType = folder.assetcatalog; path = "Preview Assets.xcassets"; sourceTree = "<group>"; };
		28C7F52627E06B5B00294860 /* MyStory.swift */ = {isa = PBXFileReference; lastKnownFileType = sourcecode.swift; path = MyStory.swift; sourceTree = "<group>"; };
		28C7F52827E06B7700294860 /* StoryModel.swift */ = {isa = PBXFileReference; lastKnownFileType = sourcecode.swift; path = StoryModel.swift; sourceTree = "<group>"; };
		28C7F52A27E06B9C00294860 /* StoryView.swift */ = {isa = PBXFileReference; lastKnownFileType = sourcecode.swift; path = StoryView.swift; sourceTree = "<group>"; };
		28C7F52C27E06BC800294860 /* StoryPageView.swift */ = {isa = PBXFileReference; lastKnownFileType = sourcecode.swift; path = StoryPageView.swift; sourceTree = "<group>"; };
/* End PBXFileReference section */

/* Begin PBXFrameworksBuildPhase section */
		28C7F51027E06B0F00294860 /* Frameworks */ = {
			isa = PBXFrameworksBuildPhase;
			buildActionMask = 2147483647;
			files = (
			);
			runOnlyForDeploymentPostprocessing = 0;
		};
/* End PBXFrameworksBuildPhase section */

/* Begin PBXGroup section */
		28C7F50A27E06B0F00294860 = {
			isa = PBXGroup;
			children = (
				28C7F51527E06B0F00294860 /* ChooseMyOwnStory */,
				28C7F51427E06B0F00294860 /* Products */,
			);
			sourceTree = "<group>";
		};
		28C7F51427E06B0F00294860 /* Products */ = {
			isa = PBXGroup;
			children = (
				28C7F51327E06B0F00294860 /* ChooseMyOwnStory.app */,
			);
			name = Products;
			sourceTree = "<group>";
		};
		28C7F51527E06B0F00294860 /* ChooseMyOwnStory */ = {
			isa = PBXGroup;
			children = (
				28C7F51627E06B0F00294860 /* ChooseMyOwnStoryApp.swift */,
				28C7F52427E06B4600294860 /* Views */,
				28C7F52527E06B4E00294860 /* Model */,
				28C7F51A27E06B1300294860 /* Assets.xcassets */,
				28C7F51C27E06B1300294860 /* Preview Content */,
			);
			path = ChooseMyOwnStory;
			sourceTree = "<group>";
		};
		28C7F51C27E06B1300294860 /* Preview Content */ = {
			isa = PBXGroup;
			children = (
				28C7F51D27E06B1300294860 /* Preview Assets.xcassets */,
			);
			path = "Preview Content";
			sourceTree = "<group>";
		};
		28C7F52427E06B4600294860 /* Views */ = {
			isa = PBXGroup;
			children = (
				28C7F52A27E06B9C00294860 /* StoryView.swift */,
				28C7F52C27E06BC800294860 /* StoryPageView.swift */,
			);
			path = Views;
			sourceTree = "<group>";
		};
		28C7F52527E06B4E00294860 /* Model */ = {
			isa = PBXGroup;
			children = (
				28C7F52627E06B5B00294860 /* MyStory.swift */,
				28C7F52827E06B7700294860 /* StoryModel.swift */,
			);
			path = Model;
			sourceTree = "<group>";
		};
/* End PBXGroup section */

/* Begin PBXNativeTarget section */
		28C7F51227E06B0F00294860 /* ChooseMyOwnStory */ = {
			isa = PBXNativeTarget;
			buildConfigurationList = 28C7F52127E06B1300294860 /* Build configuration list for PBXNativeTarget "ChooseMyOwnStory" */;
			buildPhases = (
				28C7F50F27E06B0F00294860 /* Sources */,
				28C7F51027E06B0F00294860 /* Frameworks */,
				28C7F51127E06B0F00294860 /* Resources */,
			);
			buildRules = (
			);
			dependencies = (
			);
			name = ChooseMyOwnStory;
			productName = ChooseMyOwnStory;
			productReference = 28C7F51327E06B0F00294860 /* ChooseMyOwnStory.app */;
			productType = "com.apple.product-type.application";
		};
/* End PBXNativeTarget section */

/* Begin PBXProject section */
		28C7F50B27E06B0F00294860 /* Project object */ = {
			isa = PBXProject;
			attributes = {
				BuildIndependentTargetsInParallel = 1;
				LastSwiftUpdateCheck = 1320;
				LastUpgradeCheck = 1320;
				TargetAttributes = {
					28C7F51227E06B0F00294860 = {
						CreatedOnToolsVersion = 13.2.1;
					};
				};
			};
			buildConfigurationList = 28C7F50E27E06B0F00294860 /* Build configuration list for PBXProject "ChooseMyOwnStory" */;
			compatibilityVersion = "Xcode 13.0";
			developmentRegion = en;
			hasScannedForEncodings = 0;
			knownRegions = (
				en,
				Base,
			);
			mainGroup = 28C7F50A27E06B0F00294860;
			productRefGroup = 28C7F51427E06B0F00294860 /* Products */;
			projectDirPath = "";
			projectRoot = "";
			targets = (
				28C7F51227E06B0F00294860 /* ChooseMyOwnStory */,
			);
		};
/* End PBXProject section */

/* Begin PBXResourcesBuildPhase section */
		28C7F51127E06B0F00294860 /* Resources */ = {
			isa = PBXResourcesBuildPhase;
			buildActionMask = 2147483647;
			files = (
				28C7F51E27E06B1300294860 /* Preview Assets.xcassets in Resources */,
				28C7F51B27E06B1300294860 /* Assets.xcassets in Resources */,
			);
			runOnlyForDeploymentPostprocessing = 0;
		};
/* End PBXResourcesBuildPhase section */

/* Begin PBXSourcesBuildPhase section */
		28C7F50F27E06B0F00294860 /* Sources */ = {
			isa = PBXSourcesBuildPhase;
			buildActionMask = 2147483647;
			files = (
				28C7F52B27E06B9C00294860 /* StoryView.swift in Sources */,
				28C7F52D27E06BC800294860 /* StoryPageView.swift in Sources */,
				28C7F52927E06B7700294860 /* StoryModel.swift in Sources */,
				28C7F51727E06B0F00294860 /* ChooseMyOwnStoryApp.swift in Sources */,
				28C7F52727E06B5B00294860 /* MyStory.swift in Sources */,
			);
			runOnlyForDeploymentPostprocessing = 0;
		};
/* End PBXSourcesBuildPhase section */

/* Begin XCBuildConfiguration section */
		28C7F51F27E06B1300294860 /* Debug */ = {
			isa = XCBuildConfiguration;
			buildSettings = {
				ALWAYS_SEARCH_USER_PATHS = NO;
				CLANG_ANALYZER_NONNULL = YES;
				CLANG_ANALYZER_NUMBER_OBJECT_CONVERSION = YES_AGGRESSIVE;
				CLANG_CXX_LANGUAGE_STANDARD = "gnu++17";
				CLANG_CXX_LIBRARY = "libc++";
				CLANG_ENABLE_MODULES = YES;
				CLANG_ENABLE_OBJC_ARC = YES;
				CLANG_ENABLE_OBJC_WEAK = YES;
				CLANG_WARN_BLOCK_CAPTURE_AUTORELEASING = YES;
				CLANG_WARN_BOOL_CONVERSION = YES;
				CLANG_WARN_COMMA = YES;
				CLANG_WARN_CONSTANT_CONVERSION = YES;
				CLANG_WARN_DEPRECATED_OBJC_IMPLEMENTATIONS = YES;
				CLANG_WARN_DIRECT_OBJC_ISA_USAGE = YES_ERROR;
				CLANG_WARN_DOCUMENTATION_COMMENTS = YES;
				CLANG_WARN_EMPTY_BODY = YES;
				CLANG_WARN_ENUM_CONVERSION = YES;
				CLANG_WARN_INFINITE_RECURSION = YES;
				CLANG_WARN_INT_CONVERSION = YES;
				CLANG_WARN_NON_LITERAL_NULL_CONVERSION = YES;
				CLANG_WARN_OBJC_IMPLICIT_RETAIN_SELF = YES;
				CLANG_WARN_OBJC_LITERAL_CONVERSION = YES;
				CLANG_WARN_OBJC_ROOT_CLASS = YES_ERROR;
				CLANG_WARN_QUOTED_INCLUDE_IN_FRAMEWORK_HEADER = YES;
				CLANG_WARN_RANGE_LOOP_ANALYSIS = YES;
				CLANG_WARN_STRICT_PROTOTYPES = YES;
				CLANG_WARN_SUSPICIOUS_MOVE = YES;
				CLANG_WARN_UNGUARDED_AVAILABILITY = YES_AGGRESSIVE;
				CLANG_WARN_UNREACHABLE_CODE = YES;
				CLANG_WARN__DUPLICATE_METHOD_MATCH = YES;
				COPY_PHASE_STRIP = NO;
				DEBUG_INFORMATION_FORMAT = dwarf;
				ENABLE_STRICT_OBJC_MSGSEND = YES;
				ENABLE_TESTABILITY = YES;
				GCC_C_LANGUAGE_STANDARD = gnu11;
				GCC_DYNAMIC_NO_PIC = NO;
				GCC_NO_COMMON_BLOCKS = YES;
				GCC_OPTIMIZATION_LEVEL = 0;
				GCC_PREPROCESSOR_DEFINITIONS = (
					"DEBUG=1",
					"$(inherited)",
				);
				GCC_WARN_64_TO_32_BIT_CONVERSION = YES;
				GCC_WARN_ABOUT_RETURN_TYPE = YES_ERROR;
				GCC_WARN_UNDECLARED_SELECTOR = YES;
				GCC_WARN_UNINITIALIZED_AUTOS = YES_AGGRESSIVE;
				GCC_WARN_UNUSED_FUNCTION = YES;
				GCC_WARN_UNUSED_VARIABLE = YES;
				IPHONEOS_DEPLOYMENT_TARGET = 15.2;
				MTL_ENABLE_DEBUG_INFO = INCLUDE_SOURCE;
				MTL_FAST_MATH = YES;
				ONLY_ACTIVE_ARCH = YES;
				SDKROOT = iphoneos;
				SWIFT_ACTIVE_COMPILATION_CONDITIONS = DEBUG;
				SWIFT_OPTIMIZATION_LEVEL = "-Onone";
			};
			name = Debug;
		};
		28C7F52027E06B1300294860 /* Release */ = {
			isa = XCBuildConfiguration;
			buildSettings = {
				ALWAYS_SEARCH_USER_PATHS = NO;
				CLANG_ANALYZER_NONNULL = YES;
				CLANG_ANALYZER_NUMBER_OBJECT_CONVERSION = YES_AGGRESSIVE;
				CLANG_CXX_LANGUAGE_STANDARD = "gnu++17";
				CLANG_CXX_LIBRARY = "libc++";
				CLANG_ENABLE_MODULES = YES;
				CLANG_ENABLE_OBJC_ARC = YES;
				CLANG_ENABLE_OBJC_WEAK = YES;
				CLANG_WARN_BLOCK_CAPTURE_AUTORELEASING = YES;
				CLANG_WARN_BOOL_CONVERSION = YES;
				CLANG_WARN_COMMA = YES;
				CLANG_WARN_CONSTANT_CONVERSION = YES;
				CLANG_WARN_DEPRECATED_OBJC_IMPLEMENTATIONS = YES;
				CLANG_WARN_DIRECT_OBJC_ISA_USAGE = YES_ERROR;
				CLANG_WARN_DOCUMENTATION_COMMENTS = YES;
				CLANG_WARN_EMPTY_BODY = YES;
				CLANG_WARN_ENUM_CONVERSION = YES;
				CLANG_WARN_INFINITE_RECURSION = YES;
				CLANG_WARN_INT_CONVERSION = YES;
				CLANG_WARN_NON_LITERAL_NULL_CONVERSION = YES;
				CLANG_WARN_OBJC_IMPLICIT_RETAIN_SELF = YES;
				CLANG_WARN_OBJC_LITERAL_CONVERSION = YES;
				CLANG_WARN_OBJC_ROOT_CLASS = YES_ERROR;
				CLANG_WARN_QUOTED_INCLUDE_IN_FRAMEWORK_HEADER = YES;
				CLANG_WARN_RANGE_LOOP_ANALYSIS = YES;
				CLANG_WARN_STRICT_PROTOTYPES = YES;
				CLANG_WARN_SUSPICIOUS_MOVE = YES;
				CLANG_WARN_UNGUARDED_AVAILABILITY = YES_AGGRESSIVE;
				CLANG_WARN_UNREACHABLE_CODE = YES;
				CLANG_WARN__DUPLICATE_METHOD_MATCH = YES;
				COPY_PHASE_STRIP = NO;
				DEBUG_INFORMATION_FORMAT = "dwarf-with-dsym";
				ENABLE_NS_ASSERTIONS = NO;
				ENABLE_STRICT_OBJC_MSGSEND = YES;
				GCC_C_LANGUAGE_STANDARD = gnu11;
				GCC_NO_COMMON_BLOCKS = YES;
				GCC_WARN_64_TO_32_BIT_CONVERSION = YES;
				GCC_WARN_ABOUT_RETURN_TYPE = YES_ERROR;
				GCC_WARN_UNDECLARED_SELECTOR = YES;
				GCC_WARN_UNINITIALIZED_AUTOS = YES_AGGRESSIVE;
				GCC_WARN_UNUSED_FUNCTION = YES;
				GCC_WARN_UNUSED_VARIABLE = YES;
				IPHONEOS_DEPLOYMENT_TARGET = 15.2;
				MTL_ENABLE_DEBUG_INFO = NO;
				MTL_FAST_MATH = YES;
				SDKROOT = iphoneos;
				SWIFT_COMPILATION_MODE = wholemodule;
				SWIFT_OPTIMIZATION_LEVEL = "-O";
				VALIDATE_PRODUCT = YES;
			};
			name = Release;
		};
		28C7F52227E06B1300294860 /* Debug */ = {
			isa = XCBuildConfiguration;
			buildSettings = {
				ASSETCATALOG_COMPILER_APPICON_NAME = AppIcon;
				ASSETCATALOG_COMPILER_GLOBAL_ACCENT_COLOR_NAME = AccentColor;
				CODE_SIGN_STYLE = Automatic;
				CURRENT_PROJECT_VERSION = 1;
				DEVELOPMENT_ASSET_PATHS = "\"ChooseMyOwnStory/Preview Content\"";
				DEVELOPMENT_TEAM = R3CRSCKQ4W;
				ENABLE_PREVIEWS = YES;
				GENERATE_INFOPLIST_FILE = YES;
				INFOPLIST_KEY_UIApplicationSceneManifest_Generation = YES;
				INFOPLIST_KEY_UIApplicationSupportsIndirectInputEvents = YES;
				INFOPLIST_KEY_UILaunchScreen_Generation = YES;
				INFOPLIST_KEY_UISupportedInterfaceOrientations_iPad = "UIInterfaceOrientationPortrait UIInterfaceOrientationPortraitUpsideDown UIInterfaceOrientationLandscapeLeft UIInterfaceOrientationLandscapeRight";
				INFOPLIST_KEY_UISupportedInterfaceOrientations_iPhone = "UIInterfaceOrientationPortrait UIInterfaceOrientationLandscapeLeft UIInterfaceOrientationLandscapeRight";
				LD_RUNPATH_SEARCH_PATHS = (
					"$(inherited)",
					"@executable_path/Frameworks",
				);
				MARKETING_VERSION = 1.0;
				PRODUCT_BUNDLE_IDENTIFIER = CLim03087.ChooseMyOwnStory;
				PRODUCT_NAME = "$(TARGET_NAME)";
				SWIFT_EMIT_LOC_STRINGS = YES;
				SWIFT_VERSION = 5.0;
				TARGETED_DEVICE_FAMILY = "1,2";
			};
			name = Debug;
		};
		28C7F52327E06B1300294860 /* Release */ = {
			isa = XCBuildConfiguration;
			buildSettings = {
				ASSETCATALOG_COMPILER_APPICON_NAME = AppIcon;
				ASSETCATALOG_COMPILER_GLOBAL_ACCENT_COLOR_NAME = AccentColor;
				CODE_SIGN_STYLE = Automatic;
				CURRENT_PROJECT_VERSION = 1;
				DEVELOPMENT_ASSET_PATHS = "\"ChooseMyOwnStory/Preview Content\"";
				DEVELOPMENT_TEAM = R3CRSCKQ4W;
				ENABLE_PREVIEWS = YES;
				GENERATE_INFOPLIST_FILE = YES;
				INFOPLIST_KEY_UIApplicationSceneManifest_Generation = YES;
				INFOPLIST_KEY_UIApplicationSupportsIndirectInputEvents = YES;
				INFOPLIST_KEY_UILaunchScreen_Generation = YES;
				INFOPLIST_KEY_UISupportedInterfaceOrientations_iPad = "UIInterfaceOrientationPortrait UIInterfaceOrientationPortraitUpsideDown UIInterfaceOrientationLandscapeLeft UIInterfaceOrientationLandscapeRight";
				INFOPLIST_KEY_UISupportedInterfaceOrientations_iPhone = "UIInterfaceOrientationPortrait UIInterfaceOrientationLandscapeLeft UIInterfaceOrientationLandscapeRight";
				LD_RUNPATH_SEARCH_PATHS = (
					"$(inherited)",
					"@executable_path/Frameworks",
				);
				MARKETING_VERSION = 1.0;
				PRODUCT_BUNDLE_IDENTIFIER = CLim03087.ChooseMyOwnStory;
				PRODUCT_NAME = "$(TARGET_NAME)";
				SWIFT_EMIT_LOC_STRINGS = YES;
				SWIFT_VERSION = 5.0;
				TARGETED_DEVICE_FAMILY = "1,2";
			};
			name = Release;
		};
/* End XCBuildConfiguration section */

/* Begin XCConfigurationList section */
		28C7F50E27E06B0F00294860 /* Build configuration list for PBXProject "ChooseMyOwnStory" */ = {
			isa = XCConfigurationList;
			buildConfigurations = (
				28C7F51F27E06B1300294860 /* Debug */,
				28C7F52027E06B1300294860 /* Release */,
			);
			defaultConfigurationIsVisible = 0;
			defaultConfigurationName = Release;
		};
		28C7F52127E06B1300294860 /* Build configuration list for PBXNativeTarget "ChooseMyOwnStory" */ = {
			isa = XCConfigurationList;
			buildConfigurations = (
				28C7F52227E06B1300294860 /* Debug */,
				28C7F52327E06B1300294860 /* Release */,
			);
			defaultConfigurationIsVisible = 0;
			defaultConfigurationName = Release;
		};
/* End XCConfigurationList section */
	};
	rootObject = 28C7F50B27E06B0F00294860 /* Project object */;
}
